<Solution>
  <Folder Name="/Backend/">
    <Project Path="Backend/Shared/Shared.csproj" Id="63c1328a-feb9-414e-9f73-5cc32448796b" />
  </Folder>
  <Folder Name="/Backend/Follow/">
    <Project Path="Backend/Follow/Application/Application.csproj" Id="bb562289-9b26-44db-9c64-b2fc0733feb7" />
    <Project Path="Backend/Follow/Domain/Domain.csproj" Id="53447cbe-5540-4367-85dc-e704ccb033ec" />
    <Project Path="Backend/Follow/Infrastructure/Infrastructure.csproj" Id="e9463bb8-ebd9-4d60-9d85-88e08830bfe7" />
    <Project Path="Backend/Follow/WebAPI/WebAPI.csproj" Id="52a5f138-e16c-46e6-b0d9-cb902061130b" />
  </Folder>
  <Folder Name="/Backend/Like/">
    <Project Path="Backend/Like/Application/Application.csproj" Id="df987ce9-d32e-4a6f-8d16-9922c3cf44ff" />
    <Project Path="Backend/Like/Domain/Domain.csproj" Id="025877d6-8a6c-452c-9fe4-6c15e1bc893f" />
    <Project Path="Backend/Like/Infrastructure/Infrastructure.csproj" Id="ceb32bd3-549e-4707-bddc-c7fb0ef34975" />
    <Project Path="Backend/Like/WebAPI/WebAPI.csproj" Id="e07494dc-0381-4621-95b0-74c25c92fd27" />
  </Folder>
  <Folder Name="/Backend/Post/">
    <Project Path="Backend/Post/Application/Application.csproj" Id="1802a4ed-2955-46da-9ba4-a979864eafe5" />
    <Project Path="Backend/Post/Domain/Domain.csproj" />
    <Project Path="Backend/Post/Infrastructure/Infrastructure.csproj" Id="57309167-522e-41c8-ab45-08a55851bb58" />
    <Project Path="Backend/Post/WebAPI/WebAPI.csproj" />
  </Folder>
  <Folder Name="/Backend/User/">
    <Project Path="Backend/User/Application/Application.csproj" Id="8fc483cf-b38c-4f13-85ad-da7eb3534247" />
    <Project Path="Backend/User/Domain/Domain.csproj" Id="001f9fc6-4cfc-4f41-addb-f1585984e5aa" />
    <Project Path="Backend/User/Infrastructure/Infrastructure.csproj" Id="14b31a64-2449-4033-8a56-b7a7b768a487" />
    <Project Path="Backend/User/WebAPI/WebAPI.csproj" Id="5b4ef989-b445-4985-a402-12528b50a533" />
  </Folder>
  <Folder Name="/Элементы решения/">
    <File Path=".env" />
    <File Path="docker-compose.yml" />
  </Folder>
</Solution>
